
Microsoft Visual Studio Solution File, Format Version 12.00
# Visual Studio Version 17
VisualStudioVersion = 17.14.35906.104 d17.14
MinimumVisualStudioVersion = 10.0.40219.1
Project("{FAE04EC0-301F-11D3-BF4B-00C04F79EFBC}") = "RealEstateAPI", "RealEstateAPI\RealEstateAPI.csproj", "{4D630990-BF01-4E88-A996-FE2B7C7D01F9}"
EndProject
Global
	GlobalSection(SolutionConfigurationPlatforms) = preSolution
		Debug|Any CPU = Debug|Any CPU
		Release|Any CPU = Release|Any CPU
	EndGlobalSection
	GlobalSection(ProjectConfigurationPlatforms) = postSolution
		{4D630990-BF01-4E88-A996-FE2B7C7D01F9}.Debug|Any CPU.ActiveCfg = Debug|Any CPU
		{4D630990-BF01-4E88-A996-FE2B7C7D01F9}.Debug|Any CPU.Build.0 = Debug|Any CPU
		{4D630990-BF01-4E88-A996-FE2B7C7D01F9}.Release|Any CPU.ActiveCfg = Release|Any CPU
		{4D630990-BF01-4E88-A996-FE2B7C7D01F9}.Release|Any CPU.Build.0 = Release|Any CPU
	EndGlobalSection
	GlobalSection(SolutionProperties) = preSolution
		HideSolutionNode = FALSE
	EndGlobalSection
	GlobalSection(ExtensibilityGlobals) = postSolution
		SolutionGuid = {0B73A66E-2826-4698-AE9F-8DC92FB6CEEE}
	EndGlobalSection
EndGlobal
