
Microsoft Visual Studio Solution File, Format Version 12.00
# Visual Studio Version 17
VisualStudioVersion = 17.14.35906.104 d17.14
MinimumVisualStudioVersion = 10.0.40219.1
Project("{FAE04EC0-301F-11D3-BF4B-00C04F79EFBC}") = "Dapperlearing", "Dapperlearing.csproj", "{78896D81-5220-4274-9174-C54E41C6FBA1}"
EndProject
Global
	GlobalSection(SolutionConfigurationPlatforms) = preSolution
		Debug|Any CPU = Debug|Any CPU
		Release|Any CPU = Release|Any CPU
	EndGlobalSection
	GlobalSection(ProjectConfigurationPlatforms) = postSolution
		{78896D81-5220-4274-9174-C54E41C6FBA1}.Debug|Any CPU.ActiveCfg = Debug|Any CPU
		{78896D81-5220-4274-9174-C54E41C6FBA1}.Debug|Any CPU.Build.0 = Debug|Any CPU
		{78896D81-5220-4274-9174-C54E41C6FBA1}.Release|Any CPU.ActiveCfg = Release|Any CPU
		{78896D81-5220-4274-9174-C54E41C6FBA1}.Release|Any CPU.Build.0 = Release|Any CPU
	EndGlobalSection
	GlobalSection(SolutionProperties) = preSolution
		HideSolutionNode = FALSE
	EndGlobalSection
	GlobalSection(ExtensibilityGlobals) = postSolution
		SolutionGuid = {4A62BB89-A3C6-442A-B5F0-A4C5B610BEE8}
	EndGlobalSection
EndGlobal
