
Microsoft Visual Studio Solution File, Format Version 12.00
# Visual Studio Version 17
VisualStudioVersion = 17.14.35906.104
MinimumVisualStudioVersion = 10.0.40219.1
Project("{FAE04EC0-301F-11D3-BF4B-00C04F79EFBC}") = "ClassLibrary1", "ClassLibrary1\ClassLibrary1.csproj", "{3AF2CC90-743F-4A22-8F7F-B4D420DCB289}"
EndProject
Project("{FAE04EC0-301F-11D3-BF4B-00C04F79EFBC}") = "FirstClassLibraryUse", "FirstClassLibraryUse\FirstClassLibraryUse.csproj", "{CC5D6EEA-2A19-433E-A624-F79C8BD8F3F2}"
EndProject
Global
	GlobalSection(SolutionConfigurationPlatforms) = preSolution
		Debug|Any CPU = Debug|Any CPU
		Release|Any CPU = Release|Any CPU
	EndGlobalSection
	GlobalSection(ProjectConfigurationPlatforms) = postSolution
		{3AF2CC90-743F-4A22-8F7F-B4D420DCB289}.Debug|Any CPU.ActiveCfg = Debug|Any CPU
		{3AF2CC90-743F-4A22-8F7F-B4D420DCB289}.Debug|Any CPU.Build.0 = Debug|Any CPU
		{3AF2CC90-743F-4A22-8F7F-B4D420DCB289}.Release|Any CPU.ActiveCfg = Release|Any CPU
		{3AF2CC90-743F-4A22-8F7F-B4D420DCB289}.Release|Any CPU.Build.0 = Release|Any CPU
		{CC5D6EEA-2A19-433E-A624-F79C8BD8F3F2}.Debug|Any CPU.ActiveCfg = Debug|Any CPU
		{CC5D6EEA-2A19-433E-A624-F79C8BD8F3F2}.Debug|Any CPU.Build.0 = Debug|Any CPU
		{CC5D6EEA-2A19-433E-A624-F79C8BD8F3F2}.Release|Any CPU.ActiveCfg = Release|Any CPU
		{CC5D6EEA-2A19-433E-A624-F79C8BD8F3F2}.Release|Any CPU.Build.0 = Release|Any CPU
	EndGlobalSection
	GlobalSection(SolutionProperties) = preSolution
		HideSolutionNode = FALSE
	EndGlobalSection
	GlobalSection(ExtensibilityGlobals) = postSolution
		SolutionGuid = {2F97CAF6-7291-41D5-9318-287542F03147}
	EndGlobalSection
EndGlobal
