
Microsoft Visual Studio Solution File, Format Version 12.00
# Visual Studio Version 17
VisualStudioVersion = 17.14.35906.104 d17.14
MinimumVisualStudioVersion = 10.0.40219.1
Project("{FAE04EC0-301F-11D3-BF4B-00C04F79EFBC}") = "Applicationcreation", "Applicationcreation.csproj", "{98E6890A-A5D8-4EFB-A39C-F1BCA4C6ACFF}"
EndProject
Global
	GlobalSection(SolutionConfigurationPlatforms) = preSolution
		Debug|Any CPU = Debug|Any CPU
		Release|Any CPU = Release|Any CPU
	EndGlobalSection
	GlobalSection(ProjectConfigurationPlatforms) = postSolution
		{98E6890A-A5D8-4EFB-A39C-F1BCA4C6ACFF}.Debug|Any CPU.ActiveCfg = Debug|Any CPU
		{98E6890A-A5D8-4EFB-A39C-F1BCA4C6ACFF}.Debug|Any CPU.Build.0 = Debug|Any CPU
		{98E6890A-A5D8-4EFB-A39C-F1BCA4C6ACFF}.Release|Any CPU.ActiveCfg = Release|Any CPU
		{98E6890A-A5D8-4EFB-A39C-F1BCA4C6ACFF}.Release|Any CPU.Build.0 = Release|Any CPU
	EndGlobalSection
	GlobalSection(SolutionProperties) = preSolution
		HideSolutionNode = FALSE
	EndGlobalSection
	GlobalSection(ExtensibilityGlobals) = postSolution
		SolutionGuid = {ADB22E69-2BDA-4553-98FC-1FD6A12AA1E0}
	EndGlobalSection
EndGlobal
